
Microsoft Visual Studio Solution File, Format Version 12.00
# Visual Studio Version 16
VisualStudioVersion = 16.0.30406.217
MinimumVisualStudioVersion = 10.0.40219.1
Project("{FAE04EC0-301F-11D3-BF4B-00C04F79EFBC}") = "BackendDevProject.Api", "BackendDevProject.Api\BackendDevProject.Api.csproj", "{2A7A2303-E055-44B1-90B6-647961BAB17F}"
EndProject
Project("{FAE04EC0-301F-11D3-BF4B-00C04F79EFBC}") = "BackendDevProject.Domain", "BackendDevProject.Domain\BackendDevProject.Domain.csproj", "{0D7D15B6-C411-4E1D-AEAA-037E731B2B87}"
EndProject
Project("{FAE04EC0-301F-11D3-BF4B-00C04F79EFBC}") = "BackendDevProject.Respository", "BackendDevProject.Respository\BackendDevProject.Respository.csproj", "{77BFF72D-6417-4F0F-87C6-34CC1429FFCE}"
EndProject
Project("{FAE04EC0-301F-11D3-BF4B-00C04F79EFBC}") = "BackendDevProject.DAL", "BackendDevProject.DAL\BackendDevProject.DAL.csproj", "{72F61A25-01FD-40E3-91AD-50295A0B6F32}"
EndProject
Global
	GlobalSection(SolutionConfigurationPlatforms) = preSolution
		Debug|Any CPU = Debug|Any CPU
		Release|Any CPU = Release|Any CPU
	EndGlobalSection
	GlobalSection(ProjectConfigurationPlatforms) = postSolution
		{2A7A2303-E055-44B1-90B6-647961BAB17F}.Debug|Any CPU.ActiveCfg = Debug|Any CPU
		{2A7A2303-E055-44B1-90B6-647961BAB17F}.Debug|Any CPU.Build.0 = Debug|Any CPU
		{2A7A2303-E055-44B1-90B6-647961BAB17F}.Release|Any CPU.ActiveCfg = Release|Any CPU
		{2A7A2303-E055-44B1-90B6-647961BAB17F}.Release|Any CPU.Build.0 = Release|Any CPU
		{0D7D15B6-C411-4E1D-AEAA-037E731B2B87}.Debug|Any CPU.ActiveCfg = Debug|Any CPU
		{0D7D15B6-C411-4E1D-AEAA-037E731B2B87}.Debug|Any CPU.Build.0 = Debug|Any CPU
		{0D7D15B6-C411-4E1D-AEAA-037E731B2B87}.Release|Any CPU.ActiveCfg = Release|Any CPU
		{0D7D15B6-C411-4E1D-AEAA-037E731B2B87}.Release|Any CPU.Build.0 = Release|Any CPU
		{77BFF72D-6417-4F0F-87C6-34CC1429FFCE}.Debug|Any CPU.ActiveCfg = Debug|Any CPU
		{77BFF72D-6417-4F0F-87C6-34CC1429FFCE}.Debug|Any CPU.Build.0 = Debug|Any CPU
		{77BFF72D-6417-4F0F-87C6-34CC1429FFCE}.Release|Any CPU.ActiveCfg = Release|Any CPU
		{77BFF72D-6417-4F0F-87C6-34CC1429FFCE}.Release|Any CPU.Build.0 = Release|Any CPU
		{72F61A25-01FD-40E3-91AD-50295A0B6F32}.Debug|Any CPU.ActiveCfg = Debug|Any CPU
		{72F61A25-01FD-40E3-91AD-50295A0B6F32}.Debug|Any CPU.Build.0 = Debug|Any CPU
		{72F61A25-01FD-40E3-91AD-50295A0B6F32}.Release|Any CPU.ActiveCfg = Release|Any CPU
		{72F61A25-01FD-40E3-91AD-50295A0B6F32}.Release|Any CPU.Build.0 = Release|Any CPU
	EndGlobalSection
	GlobalSection(SolutionProperties) = preSolution
		HideSolutionNode = FALSE
	EndGlobalSection
	GlobalSection(ExtensibilityGlobals) = postSolution
		SolutionGuid = {B00A887B-2E69-4986-B4C5-95C740BAE023}
	EndGlobalSection
EndGlobal
